# THIS IS AN AUTOGENERATED FILE. DO NOT EDIT THIS FILE DIRECTLY.
# yarn lockfile v1


vscode-jsonrpc@^4.0.0:
  version "4.0.0"
  resolved "https://registry.npm.taobao.org/vscode-jsonrpc/download/vscode-jsonrpc-4.0.0.tgz#a7bf74ef3254d0a0c272fab15c82128e378b3be9"
  integrity sha1-p7907zJU0KDCcvqxXIISjjeLO+k=

vscode-languageserver-protocol@3.14.1:
  version "3.14.1"
  resolved "https://registry.npm.taobao.org/vscode-languageserver-protocol/download/vscode-languageserver-protocol-3.14.1.tgz#b8aab6afae2849c84a8983d39a1cf742417afe2f"
  integrity sha1-uKq2r64oSchKiYPTmhz3QkF6/i8=
  dependencies:
    vscode-jsonrpc "^4.0.0"
    vscode-languageserver-types "3.14.0"

vscode-languageserver-types@3.14.0:
  version "3.14.0"
  resolved "https://registry.npm.taobao.org/vscode-languageserver-types/download/vscode-languageserver-types-3.14.0.tgz#d3b5952246d30e5241592b6dde8280e03942e743"
  integrity sha1-07WVIkbTDlJBWStt3oKA4DlC50M=

vscode-languageserver@^5.2.1:
  version "5.2.1"
  resolved "https://registry.npm.taobao.org/vscode-languageserver/download/vscode-languageserver-5.2.1.tgz?cache=0&other_urls=https%3A%2F%2Fregistry.npm.taobao.org%2Fvscode-languageserver%2Fdownload%2Fvscode-languageserver-5.2.1.tgz#0d2feddd33f92aadf5da32450df498d52f6f14eb"
  integrity sha1-DS/t3TP5Kq312jJFDfSY1S9vFOs=
  dependencies:
    vscode-languageserver-protocol "3.14.1"
    vscode-uri "^1.0.6"

vscode-uri@^1.0.6:
  version "1.0.8"
  resolved "https://registry.npm.taobao.org/vscode-uri/download/vscode-uri-1.0.8.tgz#9769aaececae4026fb6e22359cb38946580ded59"
  integrity sha1-l2mq7OyuQCb7biI1nLOJRlgN7Vk=
